
Microsoft Visual Studio Solution File, Format Version 12.00
# Visual Studio Version 16
VisualStudioVersion = 16.0.31515.178
MinimumVisualStudioVersion = 10.0.40219.1
Project("{9A19103F-16F7-4668-BE54-9A1E7A4F7556}") = "MISA.CukCuk.Api", "MISA.CukCuk.Api\MISA.CukCuk.Api.csproj", "{D0929476-4BD7-452F-8FA7-3E0AB71A0BC5}"
EndProject
Project("{FAE04EC0-301F-11D3-BF4B-00C04F79EFBC}") = "MISA.CukCuk.Core", "MISA.CukCuk.Core\MISA.CukCuk.Core.csproj", "{371950F9-DCA3-4A89-8A09-2E4D87FE246F}"
EndProject
Project("{FAE04EC0-301F-11D3-BF4B-00C04F79EFBC}") = "MISA.CukCuk.Infrastructure", "MISA.CukCuk.Infrastructure\MISA.CukCuk.Infrastructure.csproj", "{50935D7A-A45C-445B-BC86-DCE55022A389}"
EndProject
Global
	GlobalSection(SolutionConfigurationPlatforms) = preSolution
		Debug|Any CPU = Debug|Any CPU
		Release|Any CPU = Release|Any CPU
	EndGlobalSection
	GlobalSection(ProjectConfigurationPlatforms) = postSolution
		{D0929476-4BD7-452F-8FA7-3E0AB71A0BC5}.Debug|Any CPU.ActiveCfg = Debug|Any CPU
		{D0929476-4BD7-452F-8FA7-3E0AB71A0BC5}.Debug|Any CPU.Build.0 = Debug|Any CPU
		{D0929476-4BD7-452F-8FA7-3E0AB71A0BC5}.Release|Any CPU.ActiveCfg = Release|Any CPU
		{D0929476-4BD7-452F-8FA7-3E0AB71A0BC5}.Release|Any CPU.Build.0 = Release|Any CPU
		{371950F9-DCA3-4A89-8A09-2E4D87FE246F}.Debug|Any CPU.ActiveCfg = Debug|Any CPU
		{371950F9-DCA3-4A89-8A09-2E4D87FE246F}.Debug|Any CPU.Build.0 = Debug|Any CPU
		{371950F9-DCA3-4A89-8A09-2E4D87FE246F}.Release|Any CPU.ActiveCfg = Release|Any CPU
		{371950F9-DCA3-4A89-8A09-2E4D87FE246F}.Release|Any CPU.Build.0 = Release|Any CPU
		{50935D7A-A45C-445B-BC86-DCE55022A389}.Debug|Any CPU.ActiveCfg = Debug|Any CPU
		{50935D7A-A45C-445B-BC86-DCE55022A389}.Debug|Any CPU.Build.0 = Debug|Any CPU
		{50935D7A-A45C-445B-BC86-DCE55022A389}.Release|Any CPU.ActiveCfg = Release|Any CPU
		{50935D7A-A45C-445B-BC86-DCE55022A389}.Release|Any CPU.Build.0 = Release|Any CPU
	EndGlobalSection
	GlobalSection(SolutionProperties) = preSolution
		HideSolutionNode = FALSE
	EndGlobalSection
	GlobalSection(ExtensibilityGlobals) = postSolution
		SolutionGuid = {B612E8BC-713C-4FE1-864F-04BF86A7A355}
	EndGlobalSection
EndGlobal
